// !$*UTF8*$!
{
	archiveVersion = 1;
	classes = {
	};
	objectVersion = 46;
	objects = {

/* Begin PBXBuildFile section */
		89FC51D162AC523B7254298C /* Pods_HomePlay_Mango.framework in Frameworks */ = {isa = PBXBuildFile; fileRef = E88358E88C510EB869E530C2 /* Pods_HomePlay_Mango.framework */; };
		F75877371F55B4B800104CD6 /* ListItemViewController.swift in Sources */ = {isa = PBXBuildFile; fileRef = F75877361F55B4B800104CD6 /* ListItemViewController.swift */; };
		F7CAFC931F554D89005BDD2B /* AppDelegate.swift in Sources */ = {isa = PBXBuildFile; fileRef = F7CAFC921F554D89005BDD2B /* AppDelegate.swift */; };
		F7CAFC951F554D89005BDD2B /* ViewController.swift in Sources */ = {isa = PBXBuildFile; fileRef = F7CAFC941F554D89005BDD2B /* ViewController.swift */; };
		F7CAFC981F554D89005BDD2B /* Main.storyboard in Resources */ = {isa = PBXBuildFile; fileRef = F7CAFC961F554D89005BDD2B /* Main.storyboard */; };
		F7CAFC9A1F554D89005BDD2B /* Assets.xcassets in Resources */ = {isa = PBXBuildFile; fileRef = F7CAFC991F554D89005BDD2B /* Assets.xcassets */; };
		F7CAFC9D1F554D89005BDD2B /* LaunchScreen.storyboard in Resources */ = {isa = PBXBuildFile; fileRef = F7CAFC9B1F554D89005BDD2B /* LaunchScreen.storyboard */; };
		F7CAFCA71F5563F5005BDD2B /* MapViewController.swift in Sources */ = {isa = PBXBuildFile; fileRef = F7CAFCA61F5563F5005BDD2B /* MapViewController.swift */; };
/* End PBXBuildFile section */

/* Begin PBXFileReference section */
		863819D5E724E419F5649360 /* Pods-HomePlay Mango.release.xcconfig */ = {isa = PBXFileReference; includeInIndex = 1; lastKnownFileType = text.xcconfig; name = "Pods-HomePlay Mango.release.xcconfig"; path = "Pods/Target Support Files/Pods-HomePlay Mango/Pods-HomePlay Mango.release.xcconfig"; sourceTree = "<group>"; };
		8C2BDE4100132E9FCF013F4F /* Pods-HomePlay Mango.debug.xcconfig */ = {isa = PBXFileReference; includeInIndex = 1; lastKnownFileType = text.xcconfig; name = "Pods-HomePlay Mango.debug.xcconfig"; path = "Pods/Target Support Files/Pods-HomePlay Mango/Pods-HomePlay Mango.debug.xcconfig"; sourceTree = "<group>"; };
		E88358E88C510EB869E530C2 /* Pods_HomePlay_Mango.framework */ = {isa = PBXFileReference; explicitFileType = wrapper.framework; includeInIndex = 0; path = Pods_HomePlay_Mango.framework; sourceTree = BUILT_PRODUCTS_DIR; };
		F75877361F55B4B800104CD6 /* ListItemViewController.swift */ = {isa = PBXFileReference; fileEncoding = 4; lastKnownFileType = sourcecode.swift; path = ListItemViewController.swift; sourceTree = "<group>"; };
		F7CAFC8F1F554D89005BDD2B /* HomePlay Mango.app */ = {isa = PBXFileReference; explicitFileType = wrapper.application; includeInIndex = 0; path = "HomePlay Mango.app"; sourceTree = BUILT_PRODUCTS_DIR; };
		F7CAFC921F554D89005BDD2B /* AppDelegate.swift */ = {isa = PBXFileReference; lastKnownFileType = sourcecode.swift; path = AppDelegate.swift; sourceTree = "<group>"; };
		F7CAFC941F554D89005BDD2B /* ViewController.swift */ = {isa = PBXFileReference; lastKnownFileType = sourcecode.swift; path = ViewController.swift; sourceTree = "<group>"; };
		F7CAFC971F554D89005BDD2B /* Base */ = {isa = PBXFileReference; lastKnownFileType = file.storyboard; name = Base; path = Base.lproj/Main.storyboard; sourceTree = "<group>"; };
		F7CAFC991F554D89005BDD2B /* Assets.xcassets */ = {isa = PBXFileReference; lastKnownFileType = folder.assetcatalog; path = Assets.xcassets; sourceTree = "<group>"; };
		F7CAFC9C1F554D89005BDD2B /* Base */ = {isa = PBXFileReference; lastKnownFileType = file.storyboard; name = Base; path = Base.lproj/LaunchScreen.storyboard; sourceTree = "<group>"; };
		F7CAFC9E1F554D89005BDD2B /* Info.plist */ = {isa = PBXFileReference; lastKnownFileType = text.plist.xml; path = Info.plist; sourceTree = "<group>"; };
		F7CAFCA61F5563F5005BDD2B /* MapViewController.swift */ = {isa = PBXFileReference; fileEncoding = 4; lastKnownFileType = sourcecode.swift; path = MapViewController.swift; sourceTree = "<group>"; };
/* End PBXFileReference section */

/* Begin PBXFrameworksBuildPhase section */
		F7CAFC8C1F554D89005BDD2B /* Frameworks */ = {
			isa = PBXFrameworksBuildPhase;
			buildActionMask = 2147483647;
			files = (
				89FC51D162AC523B7254298C /* Pods_HomePlay_Mango.framework in Frameworks */,
			);
			runOnlyForDeploymentPostprocessing = 0;
		};
/* End PBXFrameworksBuildPhase section */

/* Begin PBXGroup section */
		4A964BAFC4BB5FD3C2AD56EA /* Pods */ = {
			isa = PBXGroup;
			children = (
				8C2BDE4100132E9FCF013F4F /* Pods-HomePlay Mango.debug.xcconfig */,
				863819D5E724E419F5649360 /* Pods-HomePlay Mango.release.xcconfig */,
			);
			name = Pods;
			sourceTree = "<group>";
		};
		B1DB802672D6CB041226783E /* Frameworks */ = {
			isa = PBXGroup;
			children = (
				E88358E88C510EB869E530C2 /* Pods_HomePlay_Mango.framework */,
			);
			name = Frameworks;
			sourceTree = "<group>";
		};
		F7CAFC861F554D89005BDD2B = {
			isa = PBXGroup;
			children = (
				F7CAFC911F554D89005BDD2B /* HomePlay Mango */,
				F7CAFC901F554D89005BDD2B /* Products */,
				4A964BAFC4BB5FD3C2AD56EA /* Pods */,
				B1DB802672D6CB041226783E /* Frameworks */,
			);
			sourceTree = "<group>";
		};
		F7CAFC901F554D89005BDD2B /* Products */ = {
			isa = PBXGroup;
			children = (
				F7CAFC8F1F554D89005BDD2B /* HomePlay Mango.app */,
			);
			name = Products;
			sourceTree = "<group>";
		};
		F7CAFC911F554D89005BDD2B /* HomePlay Mango */ = {
			isa = PBXGroup;
			children = (
				F7CAFC921F554D89005BDD2B /* AppDelegate.swift */,
				F7CAFC941F554D89005BDD2B /* ViewController.swift */,
				F7CAFC961F554D89005BDD2B /* Main.storyboard */,
				F7CAFC991F554D89005BDD2B /* Assets.xcassets */,
				F7CAFC9B1F554D89005BDD2B /* LaunchScreen.storyboard */,
				F7CAFC9E1F554D89005BDD2B /* Info.plist */,
				F7CAFCA61F5563F5005BDD2B /* MapViewController.swift */,
				F75877361F55B4B800104CD6 /* ListItemViewController.swift */,
			);
			path = "HomePlay Mango";
			sourceTree = "<group>";
		};
/* End PBXGroup section */

/* Begin PBXNativeTarget section */
		F7CAFC8E1F554D89005BDD2B /* HomePlay Mango */ = {
			isa = PBXNativeTarget;
			buildConfigurationList = F7CAFCA11F554D89005BDD2B /* Build configuration list for PBXNativeTarget "HomePlay Mango" */;
			buildPhases = (
				A7D3EF044AD9BC5D91EBD87B /* [CP] Check Pods Manifest.lock */,
				F7CAFC8B1F554D89005BDD2B /* Sources */,
				F7CAFC8C1F554D89005BDD2B /* Frameworks */,
				F7CAFC8D1F554D89005BDD2B /* Resources */,
				335356B71223A993493701C3 /* [CP] Embed Pods Frameworks */,
				8FDDEFA01969228A83BFE2C5 /* [CP] Copy Pods Resources */,
			);
			buildRules = (
			);
			dependencies = (
			);
			name = "HomePlay Mango";
			productName = "HomePlay Mango";
			productReference = F7CAFC8F1F554D89005BDD2B /* HomePlay Mango.app */;
			productType = "com.apple.product-type.application";
		};
/* End PBXNativeTarget section */

/* Begin PBXProject section */
		F7CAFC871F554D89005BDD2B /* Project object */ = {
			isa = PBXProject;
			attributes = {
				LastSwiftUpdateCheck = 0830;
				LastUpgradeCheck = 0830;
				ORGANIZATIONNAME = "Vansa Pha";
				TargetAttributes = {
					F7CAFC8E1F554D89005BDD2B = {
						CreatedOnToolsVersion = 8.3;
						DevelopmentTeam = PG98TTFS9P;
						ProvisioningStyle = Automatic;
					};
				};
			};
			buildConfigurationList = F7CAFC8A1F554D89005BDD2B /* Build configuration list for PBXProject "HomePlay Mango" */;
			compatibilityVersion = "Xcode 3.2";
			developmentRegion = English;
			hasScannedForEncodings = 0;
			knownRegions = (
				en,
				Base,
			);
			mainGroup = F7CAFC861F554D89005BDD2B;
			productRefGroup = F7CAFC901F554D89005BDD2B /* Products */;
			projectDirPath = "";
			projectRoot = "";
			targets = (
				F7CAFC8E1F554D89005BDD2B /* HomePlay Mango */,
			);
		};
/* End PBXProject section */

/* Begin PBXResourcesBuildPhase section */
		F7CAFC8D1F554D89005BDD2B /* Resources */ = {
			isa = PBXResourcesBuildPhase;
			buildActionMask = 2147483647;
			files = (
				F7CAFC9D1F554D89005BDD2B /* LaunchScreen.storyboard in Resources */,
				F7CAFC9A1F554D89005BDD2B /* Assets.xcassets in Resources */,
				F7CAFC981F554D89005BDD2B /* Main.storyboard in Resources */,
			);
			runOnlyForDeploymentPostprocessing = 0;
		};
/* End PBXResourcesBuildPhase section */

/* Begin PBXShellScriptBuildPhase section */
		335356B71223A993493701C3 /* [CP] Embed Pods Frameworks */ = {
			isa = PBXShellScriptBuildPhase;
			buildActionMask = 2147483647;
			files = (
			);
			inputPaths = (
			);
			name = "[CP] Embed Pods Frameworks";
			outputPaths = (
			);
			runOnlyForDeploymentPostprocessing = 0;
			shellPath = /bin/sh;
			shellScript = "\"${SRCROOT}/Pods/Target Support Files/Pods-HomePlay Mango/Pods-HomePlay Mango-frameworks.sh\"\n";
			showEnvVarsInLog = 0;
		};
		8FDDEFA01969228A83BFE2C5 /* [CP] Copy Pods Resources */ = {
			isa = PBXShellScriptBuildPhase;
			buildActionMask = 2147483647;
			files = (
			);
			inputPaths = (
			);
			name = "[CP] Copy Pods Resources";
			outputPaths = (
			);
			runOnlyForDeploymentPostprocessing = 0;
			shellPath = /bin/sh;
			shellScript = "\"${SRCROOT}/Pods/Target Support Files/Pods-HomePlay Mango/Pods-HomePlay Mango-resources.sh\"\n";
			showEnvVarsInLog = 0;
		};
		A7D3EF044AD9BC5D91EBD87B /* [CP] Check Pods Manifest.lock */ = {
			isa = PBXShellScriptBuildPhase;
			buildActionMask = 2147483647;
			files = (
			);
			inputPaths = (
			);
			name = "[CP] Check Pods Manifest.lock";
			outputPaths = (
			);
			runOnlyForDeploymentPostprocessing = 0;
			shellPath = /bin/sh;
			shellScript = "diff \"${PODS_PODFILE_DIR_PATH}/Podfile.lock\" \"${PODS_ROOT}/Manifest.lock\" > /dev/null\nif [ $? != 0 ] ; then\n    # print error to STDERR\n    echo \"error: The sandbox is not in sync with the Podfile.lock. Run 'pod install' or update your CocoaPods installation.\" >&2\n    exit 1\nfi\n";
			showEnvVarsInLog = 0;
		};
/* End PBXShellScriptBuildPhase section */

/* Begin PBXSourcesBuildPhase section */
		F7CAFC8B1F554D89005BDD2B /* Sources */ = {
			isa = PBXSourcesBuildPhase;
			buildActionMask = 2147483647;
			files = (
				F7CAFC951F554D89005BDD2B /* ViewController.swift in Sources */,
				F75877371F55B4B800104CD6 /* ListItemViewController.swift in Sources */,
				F7CAFCA71F5563F5005BDD2B /* MapViewController.swift in Sources */,
				F7CAFC931F554D89005BDD2B /* AppDelegate.swift in Sources */,
			);
			runOnlyForDeploymentPostprocessing = 0;
		};
/* End PBXSourcesBuildPhase section */

/* Begin PBXVariantGroup section */
		F7CAFC961F554D89005BDD2B /* Main.storyboard */ = {
			isa = PBXVariantGroup;
			children = (
				F7CAFC971F554D89005BDD2B /* Base */,
			);
			name = Main.storyboard;
			sourceTree = "<group>";
		};
		F7CAFC9B1F554D89005BDD2B /* LaunchScreen.storyboard */ = {
			isa = PBXVariantGroup;
			children = (
				F7CAFC9C1F554D89005BDD2B /* Base */,
			);
			name = LaunchScreen.storyboard;
			sourceTree = "<group>";
		};
/* End PBXVariantGroup section */

/* Begin XCBuildConfiguration section */
		F7CAFC9F1F554D89005BDD2B /* Debug */ = {
			isa = XCBuildConfiguration;
			buildSettings = {
				ALWAYS_SEARCH_USER_PATHS = NO;
				CLANG_ANALYZER_NONNULL = YES;
				CLANG_ANALYZER_NUMBER_OBJECT_CONVERSION = YES_AGGRESSIVE;
				CLANG_CXX_LANGUAGE_STANDARD = "gnu++0x";
				CLANG_CXX_LIBRARY = "libc++";
				CLANG_ENABLE_MODULES = YES;
				CLANG_ENABLE_OBJC_ARC = YES;
				CLANG_WARN_BOOL_CONVERSION = YES;
				CLANG_WARN_CONSTANT_CONVERSION = YES;
				CLANG_WARN_DIRECT_OBJC_ISA_USAGE = YES_ERROR;
				CLANG_WARN_DOCUMENTATION_COMMENTS = YES;
				CLANG_WARN_EMPTY_BODY = YES;
				CLANG_WARN_ENUM_CONVERSION = YES;
				CLANG_WARN_INFINITE_RECURSION = YES;
				CLANG_WARN_INT_CONVERSION = YES;
				CLANG_WARN_OBJC_ROOT_CLASS = YES_ERROR;
				CLANG_WARN_SUSPICIOUS_MOVE = YES;
				CLANG_WARN_UNREACHABLE_CODE = YES;
				CLANG_WARN__DUPLICATE_METHOD_MATCH = YES;
				"CODE_SIGN_IDENTITY[sdk=iphoneos*]" = "iPhone Developer";
				COPY_PHASE_STRIP = NO;
				DEBUG_INFORMATION_FORMAT = dwarf;
				ENABLE_STRICT_OBJC_MSGSEND = YES;
				ENABLE_TESTABILITY = YES;
				GCC_C_LANGUAGE_STANDARD = gnu99;
				GCC_DYNAMIC_NO_PIC = NO;
				GCC_NO_COMMON_BLOCKS = YES;
				GCC_OPTIMIZATION_LEVEL = 0;
				GCC_PREPROCESSOR_DEFINITIONS = (
					"DEBUG=1",
					"$(inherited)",
				);
				GCC_WARN_64_TO_32_BIT_CONVERSION = YES;
				GCC_WARN_ABOUT_RETURN_TYPE = YES_ERROR;
				GCC_WARN_UNDECLARED_SELECTOR = YES;
				GCC_WARN_UNINITIALIZED_AUTOS = YES_AGGRESSIVE;
				GCC_WARN_UNUSED_FUNCTION = YES;
				GCC_WARN_UNUSED_VARIABLE = YES;
				IPHONEOS_DEPLOYMENT_TARGET = 10.3;
				MTL_ENABLE_DEBUG_INFO = YES;
				ONLY_ACTIVE_ARCH = YES;
				SDKROOT = iphoneos;
				SWIFT_ACTIVE_COMPILATION_CONDITIONS = DEBUG;
				SWIFT_OPTIMIZATION_LEVEL = "-Onone";
				TARGETED_DEVICE_FAMILY = "1,2";
			};
			name = Debug;
		};
		F7CAFCA01F554D89005BDD2B /* Release */ = {
			isa = XCBuildConfiguration;
			buildSettings = {
				ALWAYS_SEARCH_USER_PATHS = NO;
				CLANG_ANALYZER_NONNULL = YES;
				CLANG_ANALYZER_NUMBER_OBJECT_CONVERSION = YES_AGGRESSIVE;
				CLANG_CXX_LANGUAGE_STANDARD = "gnu++0x";
				CLANG_CXX_LIBRARY = "libc++";
				CLANG_ENABLE_MODULES = YES;
				CLANG_ENABLE_OBJC_ARC = YES;
				CLANG_WARN_BOOL_CONVERSION = YES;
				CLANG_WARN_CONSTANT_CONVERSION = YES;
				CLANG_WARN_DIRECT_OBJC_ISA_USAGE = YES_ERROR;
				CLANG_WARN_DOCUMENTATION_COMMENTS = YES;
				CLANG_WARN_EMPTY_BODY = YES;
				CLANG_WARN_ENUM_CONVERSION = YES;
				CLANG_WARN_INFINITE_RECURSION = YES;
				CLANG_WARN_INT_CONVERSION = YES;
				CLANG_WARN_OBJC_ROOT_CLASS = YES_ERROR;
				CLANG_WARN_SUSPICIOUS_MOVE = YES;
				CLANG_WARN_UNREACHABLE_CODE = YES;
				CLANG_WARN__DUPLICATE_METHOD_MATCH = YES;
				"CODE_SIGN_IDENTITY[sdk=iphoneos*]" = "iPhone Developer";
				COPY_PHASE_STRIP = NO;
				DEBUG_INFORMATION_FORMAT = "dwarf-with-dsym";
				ENABLE_NS_ASSERTIONS = NO;
				ENABLE_STRICT_OBJC_MSGSEND = YES;
				GCC_C_LANGUAGE_STANDARD = gnu99;
				GCC_NO_COMMON_BLOCKS = YES;
				GCC_WARN_64_TO_32_BIT_CONVERSION = YES;
				GCC_WARN_ABOUT_RETURN_TYPE = YES_ERROR;
				GCC_WARN_UNDECLARED_SELECTOR = YES;
				GCC_WARN_UNINITIALIZED_AUTOS = YES_AGGRESSIVE;
				GCC_WARN_UNUSED_FUNCTION = YES;
				GCC_WARN_UNUSED_VARIABLE = YES;
				IPHONEOS_DEPLOYMENT_TARGET = 10.3;
				MTL_ENABLE_DEBUG_INFO = NO;
				SDKROOT = iphoneos;
				SWIFT_OPTIMIZATION_LEVEL = "-Owholemodule";
				TARGETED_DEVICE_FAMILY = "1,2";
				VALIDATE_PRODUCT = YES;
			};
			name = Release;
		};
		F7CAFCA21F554D89005BDD2B /* Debug */ = {
			isa = XCBuildConfiguration;
			baseConfigurationReference = 8C2BDE4100132E9FCF013F4F /* Pods-HomePlay Mango.debug.xcconfig */;
			buildSettings = {
				ASSETCATALOG_COMPILER_APPICON_NAME = AppIcon;
				DEVELOPMENT_TEAM = PG98TTFS9P;
				INFOPLIST_FILE = "HomePlay Mango/Info.plist";
				LD_RUNPATH_SEARCH_PATHS = "$(inherited) @executable_path/Frameworks";
				PRODUCT_BUNDLE_IDENTIFIER = "io.homeplay.HomePlay-Mango";
				PRODUCT_NAME = "$(TARGET_NAME)";
				SWIFT_VERSION = 3.0;
			};
			name = Debug;
		};
		F7CAFCA31F554D89005BDD2B /* Release */ = {
			isa = XCBuildConfiguration;
			baseConfigurationReference = 863819D5E724E419F5649360 /* Pods-HomePlay Mango.release.xcconfig */;
			buildSettings = {
				ASSETCATALOG_COMPILER_APPICON_NAME = AppIcon;
				DEVELOPMENT_TEAM = PG98TTFS9P;
				INFOPLIST_FILE = "HomePlay Mango/Info.plist";
				LD_RUNPATH_SEARCH_PATHS = "$(inherited) @executable_path/Frameworks";
				PRODUCT_BUNDLE_IDENTIFIER = "io.homeplay.HomePlay-Mango";
				PRODUCT_NAME = "$(TARGET_NAME)";
				SWIFT_VERSION = 3.0;
			};
			name = Release;
		};
/* End XCBuildConfiguration section */

/* Begin XCConfigurationList section */
		F7CAFC8A1F554D89005BDD2B /* Build configuration list for PBXProject "HomePlay Mango" */ = {
			isa = XCConfigurationList;
			buildConfigurations = (
				F7CAFC9F1F554D89005BDD2B /* Debug */,
				F7CAFCA01F554D89005BDD2B /* Release */,
			);
			defaultConfigurationIsVisible = 0;
			defaultConfigurationName = Release;
		};
		F7CAFCA11F554D89005BDD2B /* Build configuration list for PBXNativeTarget "HomePlay Mango" */ = {
			isa = XCConfigurationList;
			buildConfigurations = (
				F7CAFCA21F554D89005BDD2B /* Debug */,
				F7CAFCA31F554D89005BDD2B /* Release */,
			);
			defaultConfigurationIsVisible = 0;
			defaultConfigurationName = Release;
		};
/* End XCConfigurationList section */
	};
	rootObject = F7CAFC871F554D89005BDD2B /* Project object */;
}
